{
  "originHash" : "18967d288a821948ae098f67ecd5b6b0a8ff9a158e0a1892f960e8d06647508b",
  "pins" : [
    {
      "identity" : "base_module",
      "kind" : "remoteSourceControl",
      "location" : "https://github.com/Erfandadras/base_module",
      "state" : {
        "branch" : "master",
        "revision" : "32477f3c4d90f487d6aa6947b2dcc3d501705bdd"
      }
    }
  ],
  "version" : 3
}
